
Microsoft Visual Studio Solution File, Format Version 12.00
# Visual Studio Version 16
VisualStudioVersion = 16.0.31729.503
MinimumVisualStudioVersion = 10.0.40219.1
Project("{FAE04EC0-301F-11D3-BF4B-00C04F79EFBC}") = "Resim_Test", "Resim_Test\Resim_Test.csproj", "{3387DDD9-4EF9-4967-8BDA-3A790E30BEA7}"
EndProject
Global
	GlobalSection(SolutionConfigurationPlatforms) = preSolution
		Debug|Any CPU = Debug|Any CPU
		Release|Any CPU = Release|Any CPU
	EndGlobalSection
	GlobalSection(ProjectConfigurationPlatforms) = postSolution
		{3387DDD9-4EF9-4967-8BDA-3A790E30BEA7}.Debug|Any CPU.ActiveCfg = Debug|Any CPU
		{3387DDD9-4EF9-4967-8BDA-3A790E30BEA7}.Debug|Any CPU.Build.0 = Debug|Any CPU
		{3387DDD9-4EF9-4967-8BDA-3A790E30BEA7}.Release|Any CPU.ActiveCfg = Release|Any CPU
		{3387DDD9-4EF9-4967-8BDA-3A790E30BEA7}.Release|Any CPU.Build.0 = Release|Any CPU
	EndGlobalSection
	GlobalSection(SolutionProperties) = preSolution
		HideSolutionNode = FALSE
	EndGlobalSection
	GlobalSection(ExtensibilityGlobals) = postSolution
		SolutionGuid = {E4E17982-4BA3-49BF-BEF8-A0A5BC542827}
	EndGlobalSection
EndGlobal
